// !$*UTF8*$!
{
	archiveVersion = 1;
	classes = {
	};
	objectVersion = 54;
	objects = {

/* Begin PBXBuildFile section */
		00E356F31AD99517003FC87E /* OdessaAppTests.m in Sources */ = {isa = PBXBuildFile; fileRef = 00E356F21AD99517003FC87E /* OdessaAppTests.m */; };
		02B36D0F520A447FA5E83E07 /* README.md in Resources */ = {isa = PBXBuildFile; fileRef = B773471BFF66496FA695D81F /* README.md */; };
		088D754B2BE532740082BA43 /* Assets.xcassets in Resources */ = {isa = PBXBuildFile; fileRef = 088D754A2BE532740082BA43 /* Assets.xcassets */; };
		088D754C2BE532740082BA43 /* Assets.xcassets in Resources */ = {isa = PBXBuildFile; fileRef = 088D754A2BE532740082BA43 /* Assets.xcassets */; };
		13B07FBC1A68108700A75B9A /* AppDelegate.mm in Sources */ = {isa = PBXBuildFile; fileRef = 13B07FB01A68108700A75B9A /* AppDelegate.mm */; };
		13B07FBF1A68108700A75B9A /* Images.xcassets in Resources */ = {isa = PBXBuildFile; fileRef = 13B07FB51A68108700A75B9A /* Images.xcassets */; };
		13B07FC11A68108700A75B9A /* main.m in Sources */ = {isa = PBXBuildFile; fileRef = 13B07FB71A68108700A75B9A /* main.m */; };
		175421CDE2AA4CDDBE95D955 /* NotoSerif-VariableFont_wdth,wght.ttf in Resources */ = {isa = PBXBuildFile; fileRef = 9C1CF5EB32A74CBB9391100C /* NotoSerif-VariableFont_wdth,wght.ttf */; };
		1CEF6B5F709341F4994FE788 /* SpaceMono-Italic.ttf in Resources */ = {isa = PBXBuildFile; fileRef = 14A984E5BB2A48CEAC952DA6 /* SpaceMono-Italic.ttf */; };
		1FD90AFD2ECB456083230515 /* NotoSerif-SemiBoldItalic.ttf in Resources */ = {isa = PBXBuildFile; fileRef = 7969BE655E3F40B39EFFB42C /* NotoSerif-SemiBoldItalic.ttf */; };
		24D4C80DD8924057A04102A3 /* SpaceMono-BoldItalic.ttf in Resources */ = {isa = PBXBuildFile; fileRef = FBAA6AA3E38D4BCBA8DB5FE3 /* SpaceMono-BoldItalic.ttf */; };
		2AD2A56548174C4A8E4819C0 /* OFL.txt in Resources */ = {isa = PBXBuildFile; fileRef = 9F01C0FFC378417AB4E54061 /* OFL.txt */; };
		462DAAA2ACD544498B42B440 /* NotoSerif-BoldItalic.ttf in Resources */ = {isa = PBXBuildFile; fileRef = 5F068D7EB2FC43948198498E /* NotoSerif-BoldItalic.ttf */; };
		4B32524E30AA43E4A09AD191 /* NotoSerif-ExtraLight.ttf in Resources */ = {isa = PBXBuildFile; fileRef = D49E2AB0826943E4B5320950 /* NotoSerif-ExtraLight.ttf */; };
		50AE99B510F5414583F72EE8 /* NotoSerif-ExtraBoldItalic.ttf in Resources */ = {isa = PBXBuildFile; fileRef = B32FB303D82F402AA4F25614 /* NotoSerif-ExtraBoldItalic.ttf */; };
		578D88D7D0CC4BDEA37C61C5 /* NotoSerif-SemiBold.ttf in Resources */ = {isa = PBXBuildFile; fileRef = 3C0B33338A7E4E82A26B2B1D /* NotoSerif-SemiBold.ttf */; };
		5D7B2CDF41B81C3C58F7D395 /* libPods-OdessaApp.a in Frameworks */ = {isa = PBXBuildFile; fileRef = 5C3C62F04279E28C1878414C /* libPods-OdessaApp.a */; };
		5E2CDE9BE9AC4530B6300683 /* NotoSerif-Black.ttf in Resources */ = {isa = PBXBuildFile; fileRef = C123E0979FDE4BB3A94DE86D /* NotoSerif-Black.ttf */; };
		5FA982232B2B8A8500FA7811 /* GoogleService-Info.plist in Resources */ = {isa = PBXBuildFile; fileRef = 5FA982222B2B8A8500FA7811 /* GoogleService-Info.plist */; };
		67B60CB4A1684C439157D85D /* NotoSerif-Medium.ttf in Resources */ = {isa = PBXBuildFile; fileRef = 38FCF45DF36E4344BF0A34BD /* NotoSerif-Medium.ttf */; };
		8092EA46B31B465B94E279CE /* NotoSerif-Regular.ttf in Resources */ = {isa = PBXBuildFile; fileRef = 6449819A3A604DFF99A0ED13 /* NotoSerif-Regular.ttf */; };
		81AB9BB82411601600AC10FF /* LaunchScreen.storyboard in Resources */ = {isa = PBXBuildFile; fileRef = 81AB9BB72411601600AC10FF /* LaunchScreen.storyboard */; };
		82F602ED46254D5B93B8E3CF /* README.txt in Resources */ = {isa = PBXBuildFile; fileRef = C87A86C1A286413D80DA72B3 /* README.txt */; };
		88906A892A95486C948959E2 /* NotoSerif-Light.ttf in Resources */ = {isa = PBXBuildFile; fileRef = F1D00A8F6EC24752A5FE41BE /* NotoSerif-Light.ttf */; };
		92BC8B7078E2431DB8BE59F5 /* NotoSerif-Thin.ttf in Resources */ = {isa = PBXBuildFile; fileRef = AA3EF9A5E74C43DDB232C8BE /* NotoSerif-Thin.ttf */; };
		999342F4A05248E0A93C975A /* SpaceMono-Regular.ttf in Resources */ = {isa = PBXBuildFile; fileRef = B50382CC7DC94D32A4CF8F6C /* SpaceMono-Regular.ttf */; };
		9D4C3E5C01BA464FBBC1694F /* NotoSerif-MediumItalic.ttf in Resources */ = {isa = PBXBuildFile; fileRef = 18FB2E237D0E4063999C9B87 /* NotoSerif-MediumItalic.ttf */; };
		BB90FF6F65E14A498886584A /* NotoSerif-ThinItalic.ttf in Resources */ = {isa = PBXBuildFile; fileRef = E1D6EAC66EEE4FFA8C10FC0E /* NotoSerif-ThinItalic.ttf */; };
		C7682F64A1DB4375851D9395 /* SpaceMono-Bold.ttf in Resources */ = {isa = PBXBuildFile; fileRef = B0A2DA118200409698E27787 /* SpaceMono-Bold.ttf */; };
		CD27B1B9B3EB4BC19EB3F8C7 /* NotoSerif-ExtraBold.ttf in Resources */ = {isa = PBXBuildFile; fileRef = 7B4E729697F9483BBC5E980E /* NotoSerif-ExtraBold.ttf */; };
		CE78C55B1BBB47229A5F91FA /* NotoSerif-Bold.ttf in Resources */ = {isa = PBXBuildFile; fileRef = FE470C8A0C15487E90A5C96A /* NotoSerif-Bold.ttf */; };
		DA692E1C14274A9EACACCAD9 /* NotoSerif-LightItalic.ttf in Resources */ = {isa = PBXBuildFile; fileRef = E7F04FF6A62042D9AEC0A79D /* NotoSerif-LightItalic.ttf */; };
		DC76721A256D405DBFE03E17 /* NotoSerif-Italic-VariableFont_wdth,wght.ttf in Resources */ = {isa = PBXBuildFile; fileRef = E99F061A8FBB4A25BE239342 /* NotoSerif-Italic-VariableFont_wdth,wght.ttf */; };
		E1689620A3512CDE2C4A916D /* libPods-OdessaApp-OdessaAppTests.a in Frameworks */ = {isa = PBXBuildFile; fileRef = A77E4A333B3493718DA57C22 /* libPods-OdessaApp-OdessaAppTests.a */; };
		E5A1BEDBBA4B42049FC32438 /* NotoSerif-ExtraLightItalic.ttf in Resources */ = {isa = PBXBuildFile; fileRef = 896FDD7C9F2D4758B067CA15 /* NotoSerif-ExtraLightItalic.ttf */; };
		EFE350302E4648048C822657 /* NotoSerif-Italic.ttf in Resources */ = {isa = PBXBuildFile; fileRef = 79DC11A9B927485B855C0741 /* NotoSerif-Italic.ttf */; };
		FBB0FA4C2A384428ABE937E5 /* NotoSerif-BlackItalic.ttf in Resources */ = {isa = PBXBuildFile; fileRef = 9CE5DBB42C8243B08D269C7D /* NotoSerif-BlackItalic.ttf */; };
/* End PBXBuildFile section */

/* Begin PBXContainerItemProxy section */
		00E356F41AD99517003FC87E /* PBXContainerItemProxy */ = {
			isa = PBXContainerItemProxy;
			containerPortal = 83CBB9F71A601CBA00E9B192 /* Project object */;
			proxyType = 1;
			remoteGlobalIDString = 13B07F861A680F5B00A75B9A;
			remoteInfo = OdessaApp;
		};
/* End PBXContainerItemProxy section */

/* Begin PBXFileReference section */
		00E356EE1AD99517003FC87E /* OdessaAppTests.xctest */ = {isa = PBXFileReference; explicitFileType = wrapper.cfbundle; includeInIndex = 0; path = OdessaAppTests.xctest; sourceTree = BUILT_PRODUCTS_DIR; };
		00E356F11AD99517003FC87E /* Info.plist */ = {isa = PBXFileReference; lastKnownFileType = text.plist.xml; path = Info.plist; sourceTree = "<group>"; };
		00E356F21AD99517003FC87E /* OdessaAppTests.m */ = {isa = PBXFileReference; lastKnownFileType = sourcecode.c.objc; path = OdessaAppTests.m; sourceTree = "<group>"; };
		088D754A2BE532740082BA43 /* Assets.xcassets */ = {isa = PBXFileReference; lastKnownFileType = folder.assetcatalog; name = Assets.xcassets; path = "../../../Downloads/AppIcons 2/Assets.xcassets"; sourceTree = "<group>"; };
		13B07F961A680F5B00A75B9A /* OdessaApp.app */ = {isa = PBXFileReference; explicitFileType = wrapper.application; includeInIndex = 0; path = OdessaApp.app; sourceTree = BUILT_PRODUCTS_DIR; };
		13B07FAF1A68108700A75B9A /* AppDelegate.h */ = {isa = PBXFileReference; fileEncoding = 4; lastKnownFileType = sourcecode.c.h; name = AppDelegate.h; path = OdessaApp/AppDelegate.h; sourceTree = "<group>"; };
		13B07FB01A68108700A75B9A /* AppDelegate.mm */ = {isa = PBXFileReference; fileEncoding = 4; lastKnownFileType = sourcecode.cpp.objcpp; name = AppDelegate.mm; path = OdessaApp/AppDelegate.mm; sourceTree = "<group>"; };
		13B07FB51A68108700A75B9A /* Images.xcassets */ = {isa = PBXFileReference; lastKnownFileType = folder.assetcatalog; name = Images.xcassets; path = OdessaApp/Images.xcassets; sourceTree = "<group>"; };
		13B07FB61A68108700A75B9A /* Info.plist */ = {isa = PBXFileReference; fileEncoding = 4; lastKnownFileType = text.plist.xml; name = Info.plist; path = OdessaApp/Info.plist; sourceTree = "<group>"; };
		13B07FB71A68108700A75B9A /* main.m */ = {isa = PBXFileReference; fileEncoding = 4; lastKnownFileType = sourcecode.c.objc; name = main.m; path = OdessaApp/main.m; sourceTree = "<group>"; };
		14A984E5BB2A48CEAC952DA6 /* SpaceMono-Italic.ttf */ = {isa = PBXFileReference; explicitFileType = undefined; fileEncoding = 9; includeInIndex = 0; lastKnownFileType = unknown; name = "SpaceMono-Italic.ttf"; path = "../src/assets/fonts/Space_Mono/SpaceMono-Italic.ttf"; sourceTree = "<group>"; };
		18FB2E237D0E4063999C9B87 /* NotoSerif-MediumItalic.ttf */ = {isa = PBXFileReference; explicitFileType = undefined; fileEncoding = 9; includeInIndex = 0; lastKnownFileType = unknown; name = "NotoSerif-MediumItalic.ttf"; path = "../src/assets/fonts/Noto_Serif/static/NotoSerif-MediumItalic.ttf"; sourceTree = "<group>"; };
		216D1EAAC9BE1AE5FE1344DE /* Pods-OdessaApp-OdessaAppTests.debug.xcconfig */ = {isa = PBXFileReference; includeInIndex = 1; lastKnownFileType = text.xcconfig; name = "Pods-OdessaApp-OdessaAppTests.debug.xcconfig"; path = "Target Support Files/Pods-OdessaApp-OdessaAppTests/Pods-OdessaApp-OdessaAppTests.debug.xcconfig"; sourceTree = "<group>"; };
		38FCF45DF36E4344BF0A34BD /* NotoSerif-Medium.ttf */ = {isa = PBXFileReference; explicitFileType = undefined; fileEncoding = 9; includeInIndex = 0; lastKnownFileType = unknown; name = "NotoSerif-Medium.ttf"; path = "../src/assets/fonts/Noto_Serif/static/NotoSerif-Medium.ttf"; sourceTree = "<group>"; };
		3C0B33338A7E4E82A26B2B1D /* NotoSerif-SemiBold.ttf */ = {isa = PBXFileReference; explicitFileType = undefined; fileEncoding = 9; includeInIndex = 0; lastKnownFileType = unknown; name = "NotoSerif-SemiBold.ttf"; path = "../src/assets/fonts/Noto_Serif/static/NotoSerif-SemiBold.ttf"; sourceTree = "<group>"; };
		5C3C62F04279E28C1878414C /* libPods-OdessaApp.a */ = {isa = PBXFileReference; explicitFileType = archive.ar; includeInIndex = 0; path = "libPods-OdessaApp.a"; sourceTree = BUILT_PRODUCTS_DIR; };
		5F068D7EB2FC43948198498E /* NotoSerif-BoldItalic.ttf */ = {isa = PBXFileReference; explicitFileType = undefined; fileEncoding = 9; includeInIndex = 0; lastKnownFileType = unknown; name = "NotoSerif-BoldItalic.ttf"; path = "../src/assets/fonts/Noto_Serif/static/NotoSerif-BoldItalic.ttf"; sourceTree = "<group>"; };
		5FA982222B2B8A8500FA7811 /* GoogleService-Info.plist */ = {isa = PBXFileReference; fileEncoding = 4; lastKnownFileType = text.plist.xml; name = "GoogleService-Info.plist"; path = "OdessaApp/GoogleService-Info.plist"; sourceTree = "<group>"; };
		5FA982242B2B914600FA7811 /* OdessaApp.entitlements */ = {isa = PBXFileReference; lastKnownFileType = text.plist.entitlements; name = OdessaApp.entitlements; path = OdessaApp/OdessaApp.entitlements; sourceTree = "<group>"; };
		6449819A3A604DFF99A0ED13 /* NotoSerif-Regular.ttf */ = {isa = PBXFileReference; explicitFileType = undefined; fileEncoding = 9; includeInIndex = 0; lastKnownFileType = unknown; name = "NotoSerif-Regular.ttf"; path = "../src/assets/fonts/Noto_Serif/static/NotoSerif-Regular.ttf"; sourceTree = "<group>"; };
		66FE4D5EC831DF1326EF0EF4 /* Pods-OdessaApp-OdessaAppTests.release.xcconfig */ = {isa = PBXFileReference; includeInIndex = 1; lastKnownFileType = text.xcconfig; name = "Pods-OdessaApp-OdessaAppTests.release.xcconfig"; path = "Target Support Files/Pods-OdessaApp-OdessaAppTests/Pods-OdessaApp-OdessaAppTests.release.xcconfig"; sourceTree = "<group>"; };
		715BEB9C8862500355EDF44E /* Pods-OdessaApp.release.xcconfig */ = {isa = PBXFileReference; includeInIndex = 1; lastKnownFileType = text.xcconfig; name = "Pods-OdessaApp.release.xcconfig"; path = "Target Support Files/Pods-OdessaApp/Pods-OdessaApp.release.xcconfig"; sourceTree = "<group>"; };
		7969BE655E3F40B39EFFB42C /* NotoSerif-SemiBoldItalic.ttf */ = {isa = PBXFileReference; explicitFileType = undefined; fileEncoding = 9; includeInIndex = 0; lastKnownFileType = unknown; name = "NotoSerif-SemiBoldItalic.ttf"; path = "../src/assets/fonts/Noto_Serif/static/NotoSerif-SemiBoldItalic.ttf"; sourceTree = "<group>"; };
		79DC11A9B927485B855C0741 /* NotoSerif-Italic.ttf */ = {isa = PBXFileReference; explicitFileType = undefined; fileEncoding = 9; includeInIndex = 0; lastKnownFileType = unknown; name = "NotoSerif-Italic.ttf"; path = "../src/assets/fonts/Noto_Serif/static/NotoSerif-Italic.ttf"; sourceTree = "<group>"; };
		7B4E729697F9483BBC5E980E /* NotoSerif-ExtraBold.ttf */ = {isa = PBXFileReference; explicitFileType = undefined; fileEncoding = 9; includeInIndex = 0; lastKnownFileType = unknown; name = "NotoSerif-ExtraBold.ttf"; path = "../src/assets/fonts/Noto_Serif/static/NotoSerif-ExtraBold.ttf"; sourceTree = "<group>"; };
		81AB9BB72411601600AC10FF /* LaunchScreen.storyboard */ = {isa = PBXFileReference; fileEncoding = 4; lastKnownFileType = file.storyboard; name = LaunchScreen.storyboard; path = OdessaApp/LaunchScreen.storyboard; sourceTree = "<group>"; };
		896FDD7C9F2D4758B067CA15 /* NotoSerif-ExtraLightItalic.ttf */ = {isa = PBXFileReference; explicitFileType = undefined; fileEncoding = 9; includeInIndex = 0; lastKnownFileType = unknown; name = "NotoSerif-ExtraLightItalic.ttf"; path = "../src/assets/fonts/Noto_Serif/static/NotoSerif-ExtraLightItalic.ttf"; sourceTree = "<group>"; };
		9C1CF5EB32A74CBB9391100C /* NotoSerif-VariableFont_wdth,wght.ttf */ = {isa = PBXFileReference; explicitFileType = undefined; fileEncoding = 9; includeInIndex = 0; lastKnownFileType = unknown; name = "NotoSerif-VariableFont_wdth,wght.ttf"; path = "../src/assets/fonts/Noto_Serif/NotoSerif-VariableFont_wdth,wght.ttf"; sourceTree = "<group>"; };
		9CE5DBB42C8243B08D269C7D /* NotoSerif-BlackItalic.ttf */ = {isa = PBXFileReference; explicitFileType = undefined; fileEncoding = 9; includeInIndex = 0; lastKnownFileType = unknown; name = "NotoSerif-BlackItalic.ttf"; path = "../src/assets/fonts/Noto_Serif/static/NotoSerif-BlackItalic.ttf"; sourceTree = "<group>"; };
		9F01C0FFC378417AB4E54061 /* OFL.txt */ = {isa = PBXFileReference; explicitFileType = undefined; fileEncoding = 9; includeInIndex = 0; lastKnownFileType = unknown; name = OFL.txt; path = ../src/assets/fonts/Noto_Serif/OFL.txt; sourceTree = "<group>"; };
		A5F182D59135B1F014929C64 /* Pods-OdessaApp.debug.xcconfig */ = {isa = PBXFileReference; includeInIndex = 1; lastKnownFileType = text.xcconfig; name = "Pods-OdessaApp.debug.xcconfig"; path = "Target Support Files/Pods-OdessaApp/Pods-OdessaApp.debug.xcconfig"; sourceTree = "<group>"; };
		A77E4A333B3493718DA57C22 /* libPods-OdessaApp-OdessaAppTests.a */ = {isa = PBXFileReference; explicitFileType = archive.ar; includeInIndex = 0; path = "libPods-OdessaApp-OdessaAppTests.a"; sourceTree = BUILT_PRODUCTS_DIR; };
		AA3EF9A5E74C43DDB232C8BE /* NotoSerif-Thin.ttf */ = {isa = PBXFileReference; explicitFileType = undefined; fileEncoding = 9; includeInIndex = 0; lastKnownFileType = unknown; name = "NotoSerif-Thin.ttf"; path = "../src/assets/fonts/Noto_Serif/static/NotoSerif-Thin.ttf"; sourceTree = "<group>"; };
		B0A2DA118200409698E27787 /* SpaceMono-Bold.ttf */ = {isa = PBXFileReference; explicitFileType = undefined; fileEncoding = 9; includeInIndex = 0; lastKnownFileType = unknown; name = "SpaceMono-Bold.ttf"; path = "../src/assets/fonts/Space_Mono/SpaceMono-Bold.ttf"; sourceTree = "<group>"; };
		B32FB303D82F402AA4F25614 /* NotoSerif-ExtraBoldItalic.ttf */ = {isa = PBXFileReference; explicitFileType = undefined; fileEncoding = 9; includeInIndex = 0; lastKnownFileType = unknown; name = "NotoSerif-ExtraBoldItalic.ttf"; path = "../src/assets/fonts/Noto_Serif/static/NotoSerif-ExtraBoldItalic.ttf"; sourceTree = "<group>"; };
		B50382CC7DC94D32A4CF8F6C /* SpaceMono-Regular.ttf */ = {isa = PBXFileReference; explicitFileType = undefined; fileEncoding = 9; includeInIndex = 0; lastKnownFileType = unknown; name = "SpaceMono-Regular.ttf"; path = "../src/assets/fonts/Space_Mono/SpaceMono-Regular.ttf"; sourceTree = "<group>"; };
		B773471BFF66496FA695D81F /* README.md */ = {isa = PBXFileReference; explicitFileType = undefined; fileEncoding = 9; includeInIndex = 0; lastKnownFileType = unknown; name = README.md; path = ../src/assets/fonts/README.md; sourceTree = "<group>"; };
		C123E0979FDE4BB3A94DE86D /* NotoSerif-Black.ttf */ = {isa = PBXFileReference; explicitFileType = undefined; fileEncoding = 9; includeInIndex = 0; lastKnownFileType = unknown; name = "NotoSerif-Black.ttf"; path = "../src/assets/fonts/Noto_Serif/static/NotoSerif-Black.ttf"; sourceTree = "<group>"; };
		C87A86C1A286413D80DA72B3 /* README.txt */ = {isa = PBXFileReference; explicitFileType = undefined; fileEncoding = 9; includeInIndex = 0; lastKnownFileType = unknown; name = README.txt; path = ../src/assets/fonts/Noto_Serif/README.txt; sourceTree = "<group>"; };
		D49E2AB0826943E4B5320950 /* NotoSerif-ExtraLight.ttf */ = {isa = PBXFileReference; explicitFileType = undefined; fileEncoding = 9; includeInIndex = 0; lastKnownFileType = unknown; name = "NotoSerif-ExtraLight.ttf"; path = "../src/assets/fonts/Noto_Serif/static/NotoSerif-ExtraLight.ttf"; sourceTree = "<group>"; };
		E1D6EAC66EEE4FFA8C10FC0E /* NotoSerif-ThinItalic.ttf */ = {isa = PBXFileReference; explicitFileType = undefined; fileEncoding = 9; includeInIndex = 0; lastKnownFileType = unknown; name = "NotoSerif-ThinItalic.ttf"; path = "../src/assets/fonts/Noto_Serif/static/NotoSerif-ThinItalic.ttf"; sourceTree = "<group>"; };
		E7F04FF6A62042D9AEC0A79D /* NotoSerif-LightItalic.ttf */ = {isa = PBXFileReference; explicitFileType = undefined; fileEncoding = 9; includeInIndex = 0; lastKnownFileType = unknown; name = "NotoSerif-LightItalic.ttf"; path = "../src/assets/fonts/Noto_Serif/static/NotoSerif-LightItalic.ttf"; sourceTree = "<group>"; };
		E99F061A8FBB4A25BE239342 /* NotoSerif-Italic-VariableFont_wdth,wght.ttf */ = {isa = PBXFileReference; explicitFileType = undefined; fileEncoding = 9; includeInIndex = 0; lastKnownFileType = unknown; name = "NotoSerif-Italic-VariableFont_wdth,wght.ttf"; path = "../src/assets/fonts/Noto_Serif/NotoSerif-Italic-VariableFont_wdth,wght.ttf"; sourceTree = "<group>"; };
		ED297162215061F000B7C4FE /* JavaScriptCore.framework */ = {isa = PBXFileReference; lastKnownFileType = wrapper.framework; name = JavaScriptCore.framework; path = System/Library/Frameworks/JavaScriptCore.framework; sourceTree = SDKROOT; };
		F1D00A8F6EC24752A5FE41BE /* NotoSerif-Light.ttf */ = {isa = PBXFileReference; explicitFileType = undefined; fileEncoding = 9; includeInIndex = 0; lastKnownFileType = unknown; name = "NotoSerif-Light.ttf"; path = "../src/assets/fonts/Noto_Serif/static/NotoSerif-Light.ttf"; sourceTree = "<group>"; };
		FBAA6AA3E38D4BCBA8DB5FE3 /* SpaceMono-BoldItalic.ttf */ = {isa = PBXFileReference; explicitFileType = undefined; fileEncoding = 9; includeInIndex = 0; lastKnownFileType = unknown; name = "SpaceMono-BoldItalic.ttf"; path = "../src/assets/fonts/Space_Mono/SpaceMono-BoldItalic.ttf"; sourceTree = "<group>"; };
		FE470C8A0C15487E90A5C96A /* NotoSerif-Bold.ttf */ = {isa = PBXFileReference; explicitFileType = undefined; fileEncoding = 9; includeInIndex = 0; lastKnownFileType = unknown; name = "NotoSerif-Bold.ttf"; path = "../src/assets/fonts/Noto_Serif/static/NotoSerif-Bold.ttf"; sourceTree = "<group>"; };
/* End PBXFileReference section */

/* Begin PBXFrameworksBuildPhase section */
		00E356EB1AD99517003FC87E /* Frameworks */ = {
			isa = PBXFrameworksBuildPhase;
			buildActionMask = 2147483647;
			files = (
				E1689620A3512CDE2C4A916D /* libPods-OdessaApp-OdessaAppTests.a in Frameworks */,
			);
			runOnlyForDeploymentPostprocessing = 0;
		};
		13B07F8C1A680F5B00A75B9A /* Frameworks */ = {
			isa = PBXFrameworksBuildPhase;
			buildActionMask = 2147483647;
			files = (
				5D7B2CDF41B81C3C58F7D395 /* libPods-OdessaApp.a in Frameworks */,
			);
			runOnlyForDeploymentPostprocessing = 0;
		};
/* End PBXFrameworksBuildPhase section */

/* Begin PBXGroup section */
		00E356EF1AD99517003FC87E /* OdessaAppTests */ = {
			isa = PBXGroup;
			children = (
				00E356F21AD99517003FC87E /* OdessaAppTests.m */,
				00E356F01AD99517003FC87E /* Supporting Files */,
			);
			path = OdessaAppTests;
			sourceTree = "<group>";
		};
		00E356F01AD99517003FC87E /* Supporting Files */ = {
			isa = PBXGroup;
			children = (
				00E356F11AD99517003FC87E /* Info.plist */,
			);
			name = "Supporting Files";
			sourceTree = "<group>";
		};
		13B07FAE1A68108700A75B9A /* OdessaApp */ = {
			isa = PBXGroup;
			children = (
				5FA982242B2B914600FA7811 /* OdessaApp.entitlements */,
				5FA982222B2B8A8500FA7811 /* GoogleService-Info.plist */,
				13B07FAF1A68108700A75B9A /* AppDelegate.h */,
				13B07FB01A68108700A75B9A /* AppDelegate.mm */,
				13B07FB51A68108700A75B9A /* Images.xcassets */,
				088D754A2BE532740082BA43 /* Assets.xcassets */,
				13B07FB61A68108700A75B9A /* Info.plist */,
				81AB9BB72411601600AC10FF /* LaunchScreen.storyboard */,
				13B07FB71A68108700A75B9A /* main.m */,
			);
			name = OdessaApp;
			sourceTree = "<group>";
		};
		1BC7A8FB892B4082866CA242 /* Resources */ = {
			isa = PBXGroup;
			children = (
				E99F061A8FBB4A25BE239342 /* NotoSerif-Italic-VariableFont_wdth,wght.ttf */,
				9C1CF5EB32A74CBB9391100C /* NotoSerif-VariableFont_wdth,wght.ttf */,
				C123E0979FDE4BB3A94DE86D /* NotoSerif-Black.ttf */,
				9CE5DBB42C8243B08D269C7D /* NotoSerif-BlackItalic.ttf */,
				FE470C8A0C15487E90A5C96A /* NotoSerif-Bold.ttf */,
				5F068D7EB2FC43948198498E /* NotoSerif-BoldItalic.ttf */,
				7B4E729697F9483BBC5E980E /* NotoSerif-ExtraBold.ttf */,
				B32FB303D82F402AA4F25614 /* NotoSerif-ExtraBoldItalic.ttf */,
				D49E2AB0826943E4B5320950 /* NotoSerif-ExtraLight.ttf */,
				896FDD7C9F2D4758B067CA15 /* NotoSerif-ExtraLightItalic.ttf */,
				79DC11A9B927485B855C0741 /* NotoSerif-Italic.ttf */,
				F1D00A8F6EC24752A5FE41BE /* NotoSerif-Light.ttf */,
				E7F04FF6A62042D9AEC0A79D /* NotoSerif-LightItalic.ttf */,
				38FCF45DF36E4344BF0A34BD /* NotoSerif-Medium.ttf */,
				18FB2E237D0E4063999C9B87 /* NotoSerif-MediumItalic.ttf */,
				6449819A3A604DFF99A0ED13 /* NotoSerif-Regular.ttf */,
				3C0B33338A7E4E82A26B2B1D /* NotoSerif-SemiBold.ttf */,
				7969BE655E3F40B39EFFB42C /* NotoSerif-SemiBoldItalic.ttf */,
				AA3EF9A5E74C43DDB232C8BE /* NotoSerif-Thin.ttf */,
				E1D6EAC66EEE4FFA8C10FC0E /* NotoSerif-ThinItalic.ttf */,
				B0A2DA118200409698E27787 /* SpaceMono-Bold.ttf */,
				FBAA6AA3E38D4BCBA8DB5FE3 /* SpaceMono-BoldItalic.ttf */,
				14A984E5BB2A48CEAC952DA6 /* SpaceMono-Italic.ttf */,
				B50382CC7DC94D32A4CF8F6C /* SpaceMono-Regular.ttf */,
				9F01C0FFC378417AB4E54061 /* OFL.txt */,
				C87A86C1A286413D80DA72B3 /* README.txt */,
				B773471BFF66496FA695D81F /* README.md */,
			);
			name = Resources;
			sourceTree = "<group>";
		};
		2D16E6871FA4F8E400B85C8A /* Frameworks */ = {
			isa = PBXGroup;
			children = (
				ED297162215061F000B7C4FE /* JavaScriptCore.framework */,
				5C3C62F04279E28C1878414C /* libPods-OdessaApp.a */,
				A77E4A333B3493718DA57C22 /* libPods-OdessaApp-OdessaAppTests.a */,
			);
			name = Frameworks;
			sourceTree = "<group>";
		};
		832341AE1AAA6A7D00B99B32 /* Libraries */ = {
			isa = PBXGroup;
			children = (
			);
			name = Libraries;
			sourceTree = "<group>";
		};
		83CBB9F61A601CBA00E9B192 = {
			isa = PBXGroup;
			children = (
				13B07FAE1A68108700A75B9A /* OdessaApp */,
				832341AE1AAA6A7D00B99B32 /* Libraries */,
				00E356EF1AD99517003FC87E /* OdessaAppTests */,
				83CBBA001A601CBA00E9B192 /* Products */,
				2D16E6871FA4F8E400B85C8A /* Frameworks */,
				BBD78D7AC51CEA395F1C20DB /* Pods */,
				1BC7A8FB892B4082866CA242 /* Resources */,
			);
			indentWidth = 2;
			sourceTree = "<group>";
			tabWidth = 2;
			usesTabs = 0;
		};
		83CBBA001A601CBA00E9B192 /* Products */ = {
			isa = PBXGroup;
			children = (
				13B07F961A680F5B00A75B9A /* OdessaApp.app */,
				00E356EE1AD99517003FC87E /* OdessaAppTests.xctest */,
			);
			name = Products;
			sourceTree = "<group>";
		};
		BBD78D7AC51CEA395F1C20DB /* Pods */ = {
			isa = PBXGroup;
			children = (
				A5F182D59135B1F014929C64 /* Pods-OdessaApp.debug.xcconfig */,
				715BEB9C8862500355EDF44E /* Pods-OdessaApp.release.xcconfig */,
				216D1EAAC9BE1AE5FE1344DE /* Pods-OdessaApp-OdessaAppTests.debug.xcconfig */,
				66FE4D5EC831DF1326EF0EF4 /* Pods-OdessaApp-OdessaAppTests.release.xcconfig */,
			);
			path = Pods;
			sourceTree = "<group>";
		};
/* End PBXGroup section */

/* Begin PBXNativeTarget section */
		00E356ED1AD99517003FC87E /* OdessaAppTests */ = {
			isa = PBXNativeTarget;
			buildConfigurationList = 00E357021AD99517003FC87E /* Build configuration list for PBXNativeTarget "OdessaAppTests" */;
			buildPhases = (
				E7ECC54EF011F8F095786747 /* [CP] Check Pods Manifest.lock */,
				00E356EA1AD99517003FC87E /* Sources */,
				00E356EB1AD99517003FC87E /* Frameworks */,
				00E356EC1AD99517003FC87E /* Resources */,
				C74BB7BA583F5F037B45A74C /* [CP] Embed Pods Frameworks */,
				79ACE3857B701F014FF84137 /* [CP] Copy Pods Resources */,
			);
			buildRules = (
			);
			dependencies = (
				00E356F51AD99517003FC87E /* PBXTargetDependency */,
			);
			name = OdessaAppTests;
			productName = OdessaAppTests;
			productReference = 00E356EE1AD99517003FC87E /* OdessaAppTests.xctest */;
			productType = "com.apple.product-type.bundle.unit-test";
		};
		13B07F861A680F5B00A75B9A /* OdessaApp */ = {
			isa = PBXNativeTarget;
			buildConfigurationList = 13B07F931A680F5B00A75B9A /* Build configuration list for PBXNativeTarget "OdessaApp" */;
			buildPhases = (
				2BA4B42236361E1DD2D4839A /* [CP] Check Pods Manifest.lock */,
				FD10A7F022414F080027D42C /* Start Packager */,
				13B07F871A680F5B00A75B9A /* Sources */,
				13B07F8C1A680F5B00A75B9A /* Frameworks */,
				13B07F8E1A680F5B00A75B9A /* Resources */,
				00DD1BFF1BD5951E006B06BC /* Bundle React Native code and images */,
				ED0A68A5301B858926A2812C /* [CP] Embed Pods Frameworks */,
				4CB0F16DF892B5BC0AD94E99 /* [CP] Copy Pods Resources */,
				09E511F25AB5489E29B6C607 /* [CP-User] [RNFB] Core Configuration */,
			);
			buildRules = (
			);
			dependencies = (
			);
			name = OdessaApp;
			productName = OdessaApp;
			productReference = 13B07F961A680F5B00A75B9A /* OdessaApp.app */;
			productType = "com.apple.product-type.application";
		};
/* End PBXNativeTarget section */

/* Begin PBXProject section */
		83CBB9F71A601CBA00E9B192 /* Project object */ = {
			isa = PBXProject;
			attributes = {
				LastUpgradeCheck = 1210;
				TargetAttributes = {
					00E356ED1AD99517003FC87E = {
						CreatedOnToolsVersion = 6.2;
						TestTargetID = 13B07F861A680F5B00A75B9A;
					};
					13B07F861A680F5B00A75B9A = {
						LastSwiftMigration = 1120;
					};
				};
			};
			buildConfigurationList = 83CBB9FA1A601CBA00E9B192 /* Build configuration list for PBXProject "OdessaApp" */;
			compatibilityVersion = "Xcode 12.0";
			developmentRegion = en;
			hasScannedForEncodings = 0;
			knownRegions = (
				en,
				Base,
			);
			mainGroup = 83CBB9F61A601CBA00E9B192;
			productRefGroup = 83CBBA001A601CBA00E9B192 /* Products */;
			projectDirPath = "";
			projectRoot = "";
			targets = (
				13B07F861A680F5B00A75B9A /* OdessaApp */,
				00E356ED1AD99517003FC87E /* OdessaAppTests */,
			);
		};
/* End PBXProject section */

/* Begin PBXResourcesBuildPhase section */
		00E356EC1AD99517003FC87E /* Resources */ = {
			isa = PBXResourcesBuildPhase;
			buildActionMask = 2147483647;
			files = (
				088D754C2BE532740082BA43 /* Assets.xcassets in Resources */,
			);
			runOnlyForDeploymentPostprocessing = 0;
		};
		13B07F8E1A680F5B00A75B9A /* Resources */ = {
			isa = PBXResourcesBuildPhase;
			buildActionMask = 2147483647;
			files = (
				81AB9BB82411601600AC10FF /* LaunchScreen.storyboard in Resources */,
				13B07FBF1A68108700A75B9A /* Images.xcassets in Resources */,
				DC76721A256D405DBFE03E17 /* NotoSerif-Italic-VariableFont_wdth,wght.ttf in Resources */,
				175421CDE2AA4CDDBE95D955 /* NotoSerif-VariableFont_wdth,wght.ttf in Resources */,
				5E2CDE9BE9AC4530B6300683 /* NotoSerif-Black.ttf in Resources */,
				FBB0FA4C2A384428ABE937E5 /* NotoSerif-BlackItalic.ttf in Resources */,
				CE78C55B1BBB47229A5F91FA /* NotoSerif-Bold.ttf in Resources */,
				462DAAA2ACD544498B42B440 /* NotoSerif-BoldItalic.ttf in Resources */,
				CD27B1B9B3EB4BC19EB3F8C7 /* NotoSerif-ExtraBold.ttf in Resources */,
				50AE99B510F5414583F72EE8 /* NotoSerif-ExtraBoldItalic.ttf in Resources */,
				4B32524E30AA43E4A09AD191 /* NotoSerif-ExtraLight.ttf in Resources */,
				E5A1BEDBBA4B42049FC32438 /* NotoSerif-ExtraLightItalic.ttf in Resources */,
				EFE350302E4648048C822657 /* NotoSerif-Italic.ttf in Resources */,
				88906A892A95486C948959E2 /* NotoSerif-Light.ttf in Resources */,
				DA692E1C14274A9EACACCAD9 /* NotoSerif-LightItalic.ttf in Resources */,
				67B60CB4A1684C439157D85D /* NotoSerif-Medium.ttf in Resources */,
				9D4C3E5C01BA464FBBC1694F /* NotoSerif-MediumItalic.ttf in Resources */,
				5FA982232B2B8A8500FA7811 /* GoogleService-Info.plist in Resources */,
				8092EA46B31B465B94E279CE /* NotoSerif-Regular.ttf in Resources */,
				578D88D7D0CC4BDEA37C61C5 /* NotoSerif-SemiBold.ttf in Resources */,
				1FD90AFD2ECB456083230515 /* NotoSerif-SemiBoldItalic.ttf in Resources */,
				92BC8B7078E2431DB8BE59F5 /* NotoSerif-Thin.ttf in Resources */,
				BB90FF6F65E14A498886584A /* NotoSerif-ThinItalic.ttf in Resources */,
				C7682F64A1DB4375851D9395 /* SpaceMono-Bold.ttf in Resources */,
				088D754B2BE532740082BA43 /* Assets.xcassets in Resources */,
				24D4C80DD8924057A04102A3 /* SpaceMono-BoldItalic.ttf in Resources */,
				1CEF6B5F709341F4994FE788 /* SpaceMono-Italic.ttf in Resources */,
				999342F4A05248E0A93C975A /* SpaceMono-Regular.ttf in Resources */,
				2AD2A56548174C4A8E4819C0 /* OFL.txt in Resources */,
				82F602ED46254D5B93B8E3CF /* README.txt in Resources */,
				02B36D0F520A447FA5E83E07 /* README.md in Resources */,
			);
			runOnlyForDeploymentPostprocessing = 0;
		};
/* End PBXResourcesBuildPhase section */

/* Begin PBXShellScriptBuildPhase section */
		00DD1BFF1BD5951E006B06BC /* Bundle React Native code and images */ = {
			isa = PBXShellScriptBuildPhase;
			buildActionMask = 2147483647;
			files = (
			);
			inputPaths = (
				"$(SRCROOT)/.xcode.env.local",
				"$(SRCROOT)/.xcode.env",
			);
			name = "Bundle React Native code and images";
			outputPaths = (
			);
			runOnlyForDeploymentPostprocessing = 0;
			shellPath = /bin/sh;
			shellScript = "set -e\n\nWITH_ENVIRONMENT=\"../node_modules/react-native/scripts/xcode/with-environment.sh\"\nREACT_NATIVE_XCODE=\"../node_modules/react-native/scripts/react-native-xcode.sh\"\n\n/bin/sh -c \"$WITH_ENVIRONMENT $REACT_NATIVE_XCODE\"\n";
		};
		09E511F25AB5489E29B6C607 /* [CP-User] [RNFB] Core Configuration */ = {
			isa = PBXShellScriptBuildPhase;
			buildActionMask = 2147483647;
			files = (
			);
			inputPaths = (
				"$(BUILT_PRODUCTS_DIR)/$(INFOPLIST_PATH)",
			);
			name = "[CP-User] [RNFB] Core Configuration";
			runOnlyForDeploymentPostprocessing = 0;
			shellPath = /bin/sh;
			shellScript = "#!/usr/bin/env bash\n#\n# Copyright (c) 2016-present Invertase Limited & Contributors\n#\n# Licensed under the Apache License, Version 2.0 (the \"License\");\n# you may not use this library except in compliance with the License.\n# You may obtain a copy of the License at\n#\n#   http://www.apache.org/licenses/LICENSE-2.0\n#\n# Unless required by applicable law or agreed to in writing, software\n# distributed under the License is distributed on an \"AS IS\" BASIS,\n# WITHOUT WARRANTIES OR CONDITIONS OF ANY KIND, either express or implied.\n# See the License for the specific language governing permissions and\n# limitations under the License.\n#\nset -e\n\n_MAX_LOOKUPS=2;\n_SEARCH_RESULT=''\n_RN_ROOT_EXISTS=''\n_CURRENT_LOOKUPS=1\n_JSON_ROOT=\"'react-native'\"\n_JSON_FILE_NAME='firebase.json'\n_JSON_OUTPUT_BASE64='e30=' # { }\n_CURRENT_SEARCH_DIR=${PROJECT_DIR}\n_PLIST_BUDDY=/usr/libexec/PlistBuddy\n_TARGET_PLIST=\"${BUILT_PRODUCTS_DIR}/${INFOPLIST_PATH}\"\n_DSYM_PLIST=\"${DWARF_DSYM_FOLDER_PATH}/${DWARF_DSYM_FILE_NAME}/Contents/Info.plist\"\n\n# plist arrays\n_PLIST_ENTRY_KEYS=()\n_PLIST_ENTRY_TYPES=()\n_PLIST_ENTRY_VALUES=()\n\nfunction setPlistValue {\n  echo \"info:      setting plist entry '$1' of type '$2' in file '$4'\"\n  ${_PLIST_BUDDY} -c \"Add :$1 $2 '$3'\" $4 || echo \"info:      '$1' already exists\"\n}\n\nfunction getFirebaseJsonKeyValue () {\n  if [[ ${_RN_ROOT_EXISTS} ]]; then\n    ruby -Ku -e \"require 'rubygems';require 'json'; output=JSON.parse('$1'); puts output[$_JSON_ROOT]['$2']\"\n  else\n    echo \"\"\n  fi;\n}\n\nfunction jsonBoolToYesNo () {\n  if [[ $1 == \"false\" ]]; then\n    echo \"NO\"\n  elif [[ $1 == \"true\" ]]; then\n    echo \"YES\"\n  else echo \"NO\"\n  fi\n}\n\necho \"info: -> RNFB build script started\"\necho \"info: 1) Locating ${_JSON_FILE_NAME} file:\"\n\nif [[ -z ${_CURRENT_SEARCH_DIR} ]]; then\n  _CURRENT_SEARCH_DIR=$(pwd)\nfi;\n\nwhile true; do\n  _CURRENT_SEARCH_DIR=$(dirname \"$_CURRENT_SEARCH_DIR\")\n  if [[ \"$_CURRENT_SEARCH_DIR\" == \"/\" ]] || [[ ${_CURRENT_LOOKUPS} -gt ${_MAX_LOOKUPS} ]]; then break; fi;\n  echo \"info:      ($_CURRENT_LOOKUPS of $_MAX_LOOKUPS) Searching in '$_CURRENT_SEARCH_DIR' for a ${_JSON_FILE_NAME} file.\"\n  _SEARCH_RESULT=$(find \"$_CURRENT_SEARCH_DIR\" -maxdepth 2 -name ${_JSON_FILE_NAME} -print | /usr/bin/head -n 1)\n  if [[ ${_SEARCH_RESULT} ]]; then\n    echo \"info:      ${_JSON_FILE_NAME} found at $_SEARCH_RESULT\"\n    break;\n  fi;\n  _CURRENT_LOOKUPS=$((_CURRENT_LOOKUPS+1))\ndone\n\nif [[ ${_SEARCH_RESULT} ]]; then\n  _JSON_OUTPUT_RAW=$(cat \"${_SEARCH_RESULT}\")\n  _RN_ROOT_EXISTS=$(ruby -Ku -e \"require 'rubygems';require 'json'; output=JSON.parse('$_JSON_OUTPUT_RAW'); puts output[$_JSON_ROOT]\" || echo '')\n\n  if [[ ${_RN_ROOT_EXISTS} ]]; then\n    if ! python3 --version >/dev/null 2>&1; then echo \"python3 not found, firebase.json file processing error.\" && exit 1; fi\n    _JSON_OUTPUT_BASE64=$(python3 -c 'import json,sys,base64;print(base64.b64encode(bytes(json.dumps(json.loads(open('\"'${_SEARCH_RESULT}'\"', '\"'rb'\"').read())['${_JSON_ROOT}']), '\"'utf-8'\"')).decode())' || echo \"e30=\")\n  fi\n\n  _PLIST_ENTRY_KEYS+=(\"firebase_json_raw\")\n  _PLIST_ENTRY_TYPES+=(\"string\")\n  _PLIST_ENTRY_VALUES+=(\"$_JSON_OUTPUT_BASE64\")\n\n  # config.app_data_collection_default_enabled\n  _APP_DATA_COLLECTION_ENABLED=$(getFirebaseJsonKeyValue \"$_JSON_OUTPUT_RAW\" \"app_data_collection_default_enabled\")\n  if [[ $_APP_DATA_COLLECTION_ENABLED ]]; then\n    _PLIST_ENTRY_KEYS+=(\"FirebaseDataCollectionDefaultEnabled\")\n    _PLIST_ENTRY_TYPES+=(\"bool\")\n    _PLIST_ENTRY_VALUES+=(\"$(jsonBoolToYesNo \"$_APP_DATA_COLLECTION_ENABLED\")\")\n  fi\n\n  # config.analytics_auto_collection_enabled\n  _ANALYTICS_AUTO_COLLECTION=$(getFirebaseJsonKeyValue \"$_JSON_OUTPUT_RAW\" \"analytics_auto_collection_enabled\")\n  if [[ $_ANALYTICS_AUTO_COLLECTION ]]; then\n    _PLIST_ENTRY_KEYS+=(\"FIREBASE_ANALYTICS_COLLECTION_ENABLED\")\n    _PLIST_ENTRY_TYPES+=(\"bool\")\n    _PLIST_ENTRY_VALUES+=(\"$(jsonBoolToYesNo \"$_ANALYTICS_AUTO_COLLECTION\")\")\n  fi\n\n  # config.analytics_collection_deactivated\n  _ANALYTICS_DEACTIVATED=$(getFirebaseJsonKeyValue \"$_JSON_OUTPUT_RAW\" \"analytics_collection_deactivated\")\n  if [[ $_ANALYTICS_DEACTIVATED ]]; then\n    _PLIST_ENTRY_KEYS+=(\"FIREBASE_ANALYTICS_COLLECTION_DEACTIVATED\")\n    _PLIST_ENTRY_TYPES+=(\"bool\")\n    _PLIST_ENTRY_VALUES+=(\"$(jsonBoolToYesNo \"$_ANALYTICS_DEACTIVATED\")\")\n  fi\n\n  # config.analytics_idfv_collection_enabled\n  _ANALYTICS_IDFV_COLLECTION=$(getFirebaseJsonKeyValue \"$_JSON_OUTPUT_RAW\" \"analytics_idfv_collection_enabled\")\n  if [[ $_ANALYTICS_IDFV_COLLECTION ]]; then\n    _PLIST_ENTRY_KEYS+=(\"GOOGLE_ANALYTICS_IDFV_COLLECTION_ENABLED\")\n    _PLIST_ENTRY_TYPES+=(\"bool\")\n    _PLIST_ENTRY_VALUES+=(\"$(jsonBoolToYesNo \"$_ANALYTICS_IDFV_COLLECTION\")\")\n  fi\n\n  # config.analytics_default_allow_ad_personalization_signals\n  _ANALYTICS_PERSONALIZATION=$(getFirebaseJsonKeyValue \"$_JSON_OUTPUT_RAW\" \"analytics_default_allow_ad_personalization_signals\")\n  if [[ $_ANALYTICS_PERSONALIZATION ]]; then\n    _PLIST_ENTRY_KEYS+=(\"GOOGLE_ANALYTICS_DEFAULT_ALLOW_AD_PERSONALIZATION_SIGNALS\")\n    _PLIST_ENTRY_TYPES+=(\"bool\")\n    _PLIST_ENTRY_VALUES+=(\"$(jsonBoolToYesNo \"$_ANALYTICS_PERSONALIZATION\")\")\n  fi\n\n  # config.analytics_registration_with_ad_network_enabled\n  _ANALYTICS_REGISTRATION_WITH_AD_NETWORK=$(getFirebaseJsonKeyValue \"$_JSON_OUTPUT_RAW\" \"google_analytics_registration_with_ad_network_enabled\")\n  if [[ $_ANALYTICS_REGISTRATION_WITH_AD_NETWORK ]]; then\n    _PLIST_ENTRY_KEYS+=(\"GOOGLE_ANALYTICS_REGISTRATION_WITH_AD_NETWORK_ENABLED\")\n    _PLIST_ENTRY_TYPES+=(\"bool\")\n    _PLIST_ENTRY_VALUES+=(\"$(jsonBoolToYesNo \"$_ANALYTICS_REGISTRATION_WITH_AD_NETWORK\")\")\n  fi\n\n  # config.google_analytics_automatic_screen_reporting_enabled\n  _ANALYTICS_AUTO_SCREEN_REPORTING=$(getFirebaseJsonKeyValue \"$_JSON_OUTPUT_RAW\" \"google_analytics_automatic_screen_reporting_enabled\")\n  if [[ $_ANALYTICS_AUTO_SCREEN_REPORTING ]]; then\n    _PLIST_ENTRY_KEYS+=(\"FirebaseAutomaticScreenReportingEnabled\")\n    _PLIST_ENTRY_TYPES+=(\"bool\")\n    _PLIST_ENTRY_VALUES+=(\"$(jsonBoolToYesNo \"$_ANALYTICS_AUTO_SCREEN_REPORTING\")\")\n  fi\n\n  # config.perf_auto_collection_enabled\n  _PERF_AUTO_COLLECTION=$(getFirebaseJsonKeyValue \"$_JSON_OUTPUT_RAW\" \"perf_auto_collection_enabled\")\n  if [[ $_PERF_AUTO_COLLECTION ]]; then\n    _PLIST_ENTRY_KEYS+=(\"firebase_performance_collection_enabled\")\n    _PLIST_ENTRY_TYPES+=(\"bool\")\n    _PLIST_ENTRY_VALUES+=(\"$(jsonBoolToYesNo \"$_PERF_AUTO_COLLECTION\")\")\n  fi\n\n  # config.perf_collection_deactivated\n  _PERF_DEACTIVATED=$(getFirebaseJsonKeyValue \"$_JSON_OUTPUT_RAW\" \"perf_collection_deactivated\")\n  if [[ $_PERF_DEACTIVATED ]]; then\n    _PLIST_ENTRY_KEYS+=(\"firebase_performance_collection_deactivated\")\n    _PLIST_ENTRY_TYPES+=(\"bool\")\n    _PLIST_ENTRY_VALUES+=(\"$(jsonBoolToYesNo \"$_PERF_DEACTIVATED\")\")\n  fi\n\n  # config.messaging_auto_init_enabled\n  _MESSAGING_AUTO_INIT=$(getFirebaseJsonKeyValue \"$_JSON_OUTPUT_RAW\" \"messaging_auto_init_enabled\")\n  if [[ $_MESSAGING_AUTO_INIT ]]; then\n    _PLIST_ENTRY_KEYS+=(\"FirebaseMessagingAutoInitEnabled\")\n    _PLIST_ENTRY_TYPES+=(\"bool\")\n    _PLIST_ENTRY_VALUES+=(\"$(jsonBoolToYesNo \"$_MESSAGING_AUTO_INIT\")\")\n  fi\n\n  # config.in_app_messaging_auto_colllection_enabled\n  _FIAM_AUTO_INIT=$(getFirebaseJsonKeyValue \"$_JSON_OUTPUT_RAW\" \"in_app_messaging_auto_collection_enabled\")\n  if [[ $_FIAM_AUTO_INIT ]]; then\n    _PLIST_ENTRY_KEYS+=(\"FirebaseInAppMessagingAutomaticDataCollectionEnabled\")\n    _PLIST_ENTRY_TYPES+=(\"bool\")\n    _PLIST_ENTRY_VALUES+=(\"$(jsonBoolToYesNo \"$_FIAM_AUTO_INIT\")\")\n  fi\n\n  # config.app_check_token_auto_refresh\n  _APP_CHECK_TOKEN_AUTO_REFRESH=$(getFirebaseJsonKeyValue \"$_JSON_OUTPUT_RAW\" \"app_check_token_auto_refresh\")\n  if [[ $_APP_CHECK_TOKEN_AUTO_REFRESH ]]; then\n    _PLIST_ENTRY_KEYS+=(\"FirebaseAppCheckTokenAutoRefreshEnabled\")\n    _PLIST_ENTRY_TYPES+=(\"bool\")\n    _PLIST_ENTRY_VALUES+=(\"$(jsonBoolToYesNo \"$_APP_CHECK_TOKEN_AUTO_REFRESH\")\")\n  fi\n\n  # config.crashlytics_disable_auto_disabler - undocumented for now - mainly for debugging, document if becomes useful\n  _CRASHLYTICS_AUTO_DISABLE_ENABLED=$(getFirebaseJsonKeyValue \"$_JSON_OUTPUT_RAW\" \"crashlytics_disable_auto_disabler\")\n  if [[ $_CRASHLYTICS_AUTO_DISABLE_ENABLED == \"true\" ]]; then\n    echo \"Disabled Crashlytics auto disabler.\" # do nothing\n  else\n    _PLIST_ENTRY_KEYS+=(\"FirebaseCrashlyticsCollectionEnabled\")\n    _PLIST_ENTRY_TYPES+=(\"bool\")\n    _PLIST_ENTRY_VALUES+=(\"NO\")\n  fi\nelse\n  _PLIST_ENTRY_KEYS+=(\"firebase_json_raw\")\n  _PLIST_ENTRY_TYPES+=(\"string\")\n  _PLIST_ENTRY_VALUES+=(\"$_JSON_OUTPUT_BASE64\")\n  echo \"warning:   A firebase.json file was not found, whilst this file is optional it is recommended to include it to configure firebase services in React Native Firebase.\"\nfi;\n\necho \"info: 2) Injecting Info.plist entries: \"\n\n# Log out the keys we're adding\nfor i in \"${!_PLIST_ENTRY_KEYS[@]}\"; do\n  echo \"    ->  $i) ${_PLIST_ENTRY_KEYS[$i]}\" \"${_PLIST_ENTRY_TYPES[$i]}\" \"${_PLIST_ENTRY_VALUES[$i]}\"\ndone\n\nfor plist in \"${_TARGET_PLIST}\" \"${_DSYM_PLIST}\" ; do\n  if [[ -f \"${plist}\" ]]; then\n\n    # paths with spaces break the call to setPlistValue. temporarily modify\n    # the shell internal field separator variable (IFS), which normally\n    # includes spaces, to consist only of line breaks\n    oldifs=$IFS\n    IFS=\"\n\"\n\n    for i in \"${!_PLIST_ENTRY_KEYS[@]}\"; do\n      setPlistValue \"${_PLIST_ENTRY_KEYS[$i]}\" \"${_PLIST_ENTRY_TYPES[$i]}\" \"${_PLIST_ENTRY_VALUES[$i]}\" \"${plist}\"\n    done\n\n    # restore the original internal field separator value\n    IFS=$oldifs\n  else\n    echo \"warning:   A Info.plist build output file was not found (${plist})\"\n  fi\ndone\n\necho \"info: <- RNFB build script finished\"\n";
		};
		2BA4B42236361E1DD2D4839A /* [CP] Check Pods Manifest.lock */ = {
			isa = PBXShellScriptBuildPhase;
			buildActionMask = 2147483647;
			files = (
			);
			inputFileListPaths = (
			);
			inputPaths = (
				"${PODS_PODFILE_DIR_PATH}/Podfile.lock",
				"${PODS_ROOT}/Manifest.lock",
			);
			name = "[CP] Check Pods Manifest.lock";
			outputFileListPaths = (
			);
			outputPaths = (
				"$(DERIVED_FILE_DIR)/Pods-OdessaApp-checkManifestLockResult.txt",
			);
			runOnlyForDeploymentPostprocessing = 0;
			shellPath = /bin/sh;
			shellScript = "diff \"${PODS_PODFILE_DIR_PATH}/Podfile.lock\" \"${PODS_ROOT}/Manifest.lock\" > /dev/null\nif [ $? != 0 ] ; then\n    # print error to STDERR\n    echo \"error: The sandbox is not in sync with the Podfile.lock. Run 'pod install' or update your CocoaPods installation.\" >&2\n    exit 1\nfi\n# This output is used by Xcode 'outputs' to avoid re-running this script phase.\necho \"SUCCESS\" > \"${SCRIPT_OUTPUT_FILE_0}\"\n";
			showEnvVarsInLog = 0;
		};
		4CB0F16DF892B5BC0AD94E99 /* [CP] Copy Pods Resources */ = {
			isa = PBXShellScriptBuildPhase;
			buildActionMask = 2147483647;
			files = (
			);
			inputFileListPaths = (
				"${PODS_ROOT}/Target Support Files/Pods-OdessaApp/Pods-OdessaApp-resources-${CONFIGURATION}-input-files.xcfilelist",
			);
			name = "[CP] Copy Pods Resources";
			outputFileListPaths = (
				"${PODS_ROOT}/Target Support Files/Pods-OdessaApp/Pods-OdessaApp-resources-${CONFIGURATION}-output-files.xcfilelist",
			);
			runOnlyForDeploymentPostprocessing = 0;
			shellPath = /bin/sh;
			shellScript = "\"${PODS_ROOT}/Target Support Files/Pods-OdessaApp/Pods-OdessaApp-resources.sh\"\n";
			showEnvVarsInLog = 0;
		};
		79ACE3857B701F014FF84137 /* [CP] Copy Pods Resources */ = {
			isa = PBXShellScriptBuildPhase;
			buildActionMask = 2147483647;
			files = (
			);
			inputFileListPaths = (
				"${PODS_ROOT}/Target Support Files/Pods-OdessaApp-OdessaAppTests/Pods-OdessaApp-OdessaAppTests-resources-${CONFIGURATION}-input-files.xcfilelist",
			);
			name = "[CP] Copy Pods Resources";
			outputFileListPaths = (
				"${PODS_ROOT}/Target Support Files/Pods-OdessaApp-OdessaAppTests/Pods-OdessaApp-OdessaAppTests-resources-${CONFIGURATION}-output-files.xcfilelist",
			);
			runOnlyForDeploymentPostprocessing = 0;
			shellPath = /bin/sh;
			shellScript = "\"${PODS_ROOT}/Target Support Files/Pods-OdessaApp-OdessaAppTests/Pods-OdessaApp-OdessaAppTests-resources.sh\"\n";
			showEnvVarsInLog = 0;
		};
		C74BB7BA583F5F037B45A74C /* [CP] Embed Pods Frameworks */ = {
			isa = PBXShellScriptBuildPhase;
			buildActionMask = 2147483647;
			files = (
			);
			inputFileListPaths = (
				"${PODS_ROOT}/Target Support Files/Pods-OdessaApp-OdessaAppTests/Pods-OdessaApp-OdessaAppTests-frameworks-${CONFIGURATION}-input-files.xcfilelist",
			);
			name = "[CP] Embed Pods Frameworks";
			outputFileListPaths = (
				"${PODS_ROOT}/Target Support Files/Pods-OdessaApp-OdessaAppTests/Pods-OdessaApp-OdessaAppTests-frameworks-${CONFIGURATION}-output-files.xcfilelist",
			);
			runOnlyForDeploymentPostprocessing = 0;
			shellPath = /bin/sh;
			shellScript = "\"${PODS_ROOT}/Target Support Files/Pods-OdessaApp-OdessaAppTests/Pods-OdessaApp-OdessaAppTests-frameworks.sh\"\n";
			showEnvVarsInLog = 0;
		};
		E7ECC54EF011F8F095786747 /* [CP] Check Pods Manifest.lock */ = {
			isa = PBXShellScriptBuildPhase;
			buildActionMask = 2147483647;
			files = (
			);
			inputFileListPaths = (
			);
			inputPaths = (
				"${PODS_PODFILE_DIR_PATH}/Podfile.lock",
				"${PODS_ROOT}/Manifest.lock",
			);
			name = "[CP] Check Pods Manifest.lock";
			outputFileListPaths = (
			);
			outputPaths = (
				"$(DERIVED_FILE_DIR)/Pods-OdessaApp-OdessaAppTests-checkManifestLockResult.txt",
			);
			runOnlyForDeploymentPostprocessing = 0;
			shellPath = /bin/sh;
			shellScript = "diff \"${PODS_PODFILE_DIR_PATH}/Podfile.lock\" \"${PODS_ROOT}/Manifest.lock\" > /dev/null\nif [ $? != 0 ] ; then\n    # print error to STDERR\n    echo \"error: The sandbox is not in sync with the Podfile.lock. Run 'pod install' or update your CocoaPods installation.\" >&2\n    exit 1\nfi\n# This output is used by Xcode 'outputs' to avoid re-running this script phase.\necho \"SUCCESS\" > \"${SCRIPT_OUTPUT_FILE_0}\"\n";
			showEnvVarsInLog = 0;
		};
		ED0A68A5301B858926A2812C /* [CP] Embed Pods Frameworks */ = {
			isa = PBXShellScriptBuildPhase;
			buildActionMask = 2147483647;
			files = (
			);
			inputFileListPaths = (
				"${PODS_ROOT}/Target Support Files/Pods-OdessaApp/Pods-OdessaApp-frameworks-${CONFIGURATION}-input-files.xcfilelist",
			);
			name = "[CP] Embed Pods Frameworks";
			outputFileListPaths = (
				"${PODS_ROOT}/Target Support Files/Pods-OdessaApp/Pods-OdessaApp-frameworks-${CONFIGURATION}-output-files.xcfilelist",
			);
			runOnlyForDeploymentPostprocessing = 0;
			shellPath = /bin/sh;
			shellScript = "\"${PODS_ROOT}/Target Support Files/Pods-OdessaApp/Pods-OdessaApp-frameworks.sh\"\n";
			showEnvVarsInLog = 0;
		};
		FD10A7F022414F080027D42C /* Start Packager */ = {
			isa = PBXShellScriptBuildPhase;
			buildActionMask = 2147483647;
			files = (
			);
			inputFileListPaths = (
			);
			inputPaths = (
			);
			name = "Start Packager";
			outputFileListPaths = (
			);
			outputPaths = (
			);
			runOnlyForDeploymentPostprocessing = 0;
			shellPath = /bin/sh;
			shellScript = "export RCT_METRO_PORT=\"${RCT_METRO_PORT:=8081}\"\necho \"export RCT_METRO_PORT=${RCT_METRO_PORT}\" > \"${SRCROOT}/../node_modules/react-native/scripts/.packager.env\"\nif [ -z \"${RCT_NO_LAUNCH_PACKAGER+xxx}\" ] ; then\n  if nc -w 5 -z localhost ${RCT_METRO_PORT} ; then\n    if ! curl -s \"http://localhost:${RCT_METRO_PORT}/status\" | grep -q \"packager-status:running\" ; then\n      echo \"Port ${RCT_METRO_PORT} already in use, packager is either not running or not running correctly\"\n      exit 2\n    fi\n  else\n    open \"$SRCROOT/../node_modules/react-native/scripts/launchPackager.command\" || echo \"Can't start packager automatically\"\n  fi\nfi\n";
			showEnvVarsInLog = 0;
		};
/* End PBXShellScriptBuildPhase section */

/* Begin PBXSourcesBuildPhase section */
		00E356EA1AD99517003FC87E /* Sources */ = {
			isa = PBXSourcesBuildPhase;
			buildActionMask = 2147483647;
			files = (
				00E356F31AD99517003FC87E /* OdessaAppTests.m in Sources */,
			);
			runOnlyForDeploymentPostprocessing = 0;
		};
		13B07F871A680F5B00A75B9A /* Sources */ = {
			isa = PBXSourcesBuildPhase;
			buildActionMask = 2147483647;
			files = (
				13B07FBC1A68108700A75B9A /* AppDelegate.mm in Sources */,
				13B07FC11A68108700A75B9A /* main.m in Sources */,
			);
			runOnlyForDeploymentPostprocessing = 0;
		};
/* End PBXSourcesBuildPhase section */

/* Begin PBXTargetDependency section */
		00E356F51AD99517003FC87E /* PBXTargetDependency */ = {
			isa = PBXTargetDependency;
			target = 13B07F861A680F5B00A75B9A /* OdessaApp */;
			targetProxy = 00E356F41AD99517003FC87E /* PBXContainerItemProxy */;
		};
/* End PBXTargetDependency section */

/* Begin XCBuildConfiguration section */
		00E356F61AD99517003FC87E /* Debug */ = {
			isa = XCBuildConfiguration;
			baseConfigurationReference = 216D1EAAC9BE1AE5FE1344DE /* Pods-OdessaApp-OdessaAppTests.debug.xcconfig */;
			buildSettings = {
				BUNDLE_LOADER = "$(TEST_HOST)";
				DEVELOPMENT_TEAM = A35W4MM59Y;
				GCC_PREPROCESSOR_DEFINITIONS = (
					"DEBUG=1",
					"$(inherited)",
				);
				INFOPLIST_FILE = OdessaAppTests/Info.plist;
				IPHONEOS_DEPLOYMENT_TARGET = 12.4;
				LD_RUNPATH_SEARCH_PATHS = (
					"$(inherited)",
					"@executable_path/Frameworks",
					"@loader_path/Frameworks",
				);
				OTHER_LDFLAGS = (
					"-ObjC",
					"-lc++",
					"$(inherited)",
				);
				PRODUCT_BUNDLE_IDENTIFIER = edu.mit.Odessa;
				PRODUCT_NAME = "$(TARGET_NAME)";
				TEST_HOST = "$(BUILT_PRODUCTS_DIR)/OdessaApp.app/OdessaApp";
			};
			name = Debug;
		};
		00E356F71AD99517003FC87E /* Release */ = {
			isa = XCBuildConfiguration;
			baseConfigurationReference = 66FE4D5EC831DF1326EF0EF4 /* Pods-OdessaApp-OdessaAppTests.release.xcconfig */;
			buildSettings = {
				BUNDLE_LOADER = "$(TEST_HOST)";
				"CODE_SIGN_IDENTITY[sdk=iphoneos*]" = "iPhone Distribution";
				CODE_SIGN_STYLE = Manual;
				COPY_PHASE_STRIP = NO;
				DEVELOPMENT_TEAM = "";
				"DEVELOPMENT_TEAM[sdk=iphoneos*]" = A35W4MM59Y;
				"DEVELOPMENT_TEAM[sdk=macosx*]" = A35W4MM59Y;
				INFOPLIST_FILE = OdessaAppTests/Info.plist;
				IPHONEOS_DEPLOYMENT_TARGET = 12.4;
				LD_RUNPATH_SEARCH_PATHS = (
					"$(inherited)",
					"@executable_path/Frameworks",
					"@loader_path/Frameworks",
				);
				OTHER_LDFLAGS = (
					"-ObjC",
					"-lc++",
					"$(inherited)",
				);
				PRODUCT_BUNDLE_IDENTIFIER = edu.mit.Odessa;
				PRODUCT_NAME = "$(TARGET_NAME)";
				PROVISIONING_PROFILE_SPECIFIER = "";
				"PROVISIONING_PROFILE_SPECIFIER[sdk=iphoneos*]" = Odessa;
				TEST_HOST = "$(BUILT_PRODUCTS_DIR)/OdessaApp.app/OdessaApp";
			};
			name = Release;
		};
		13B07F941A680F5B00A75B9A /* Debug */ = {
			isa = XCBuildConfiguration;
			baseConfigurationReference = A5F182D59135B1F014929C64 /* Pods-OdessaApp.debug.xcconfig */;
			buildSettings = {
				ASSETCATALOG_COMPILER_APPICON_NAME = AppIcon;
				CLANG_ENABLE_MODULES = YES;
				CODE_SIGN_ENTITLEMENTS = OdessaApp/OdessaApp.entitlements;
				CODE_SIGN_IDENTITY = "Apple Development";
				CODE_SIGN_STYLE = Automatic;
				CURRENT_PROJECT_VERSION = 29;
				DEVELOPMENT_TEAM = A35W4MM59Y;
				ENABLE_BITCODE = NO;
				INFOPLIST_FILE = OdessaApp/Info.plist;
				INFOPLIST_KEY_CFBundleDisplayName = Odessa;
				INFOPLIST_KEY_LSApplicationCategoryType = "public.app-category.social-networking";
				LD_RUNPATH_SEARCH_PATHS = (
					"$(inherited)",
					"@executable_path/Frameworks",
				);
				MARKETING_VERSION = 3.5.1;
				OTHER_LDFLAGS = (
					"$(inherited)",
					"-ObjC",
					"-lc++",
				);
				PRODUCT_BUNDLE_IDENTIFIER = edu.mit.Odessa;
				PRODUCT_NAME = OdessaApp;
				PROVISIONING_PROFILE_SPECIFIER = "";
				SWIFT_OPTIMIZATION_LEVEL = "-Onone";
				SWIFT_VERSION = 5.0;
				VERSIONING_SYSTEM = "apple-generic";
			};
			name = Debug;
		};
		13B07F951A680F5B00A75B9A /* Release */ = {
			isa = XCBuildConfiguration;
			baseConfigurationReference = 715BEB9C8862500355EDF44E /* Pods-OdessaApp.release.xcconfig */;
			buildSettings = {
				ASSETCATALOG_COMPILER_APPICON_NAME = AppIcon;
				CLANG_ENABLE_MODULES = YES;
				CODE_SIGN_ENTITLEMENTS = OdessaApp/OdessaApp.entitlements;
				CODE_SIGN_IDENTITY = "Apple Development";
				"CODE_SIGN_IDENTITY[sdk=iphoneos*]" = "iPhone Distribution";
				CODE_SIGN_STYLE = Manual;
				CURRENT_PROJECT_VERSION = 29;
				DEVELOPMENT_TEAM = "";
				"DEVELOPMENT_TEAM[sdk=iphoneos*]" = A35W4MM59Y;
				INFOPLIST_FILE = OdessaApp/Info.plist;
				INFOPLIST_KEY_CFBundleDisplayName = Odessa;
				INFOPLIST_KEY_LSApplicationCategoryType = "public.app-category.social-networking";
				LD_RUNPATH_SEARCH_PATHS = (
					"$(inherited)",
					"@executable_path/Frameworks",
				);
				MARKETING_VERSION = 3.5.1;
				OTHER_LDFLAGS = (
					"$(inherited)",
					"-ObjC",
					"-lc++",
				);
				PRODUCT_BUNDLE_IDENTIFIER = edu.mit.Odessa;
				PRODUCT_NAME = OdessaApp;
				PROVISIONING_PROFILE_SPECIFIER = "";
				"PROVISIONING_PROFILE_SPECIFIER[sdk=iphoneos*]" = Odessa;
				SWIFT_VERSION = 5.0;
				VERSIONING_SYSTEM = "apple-generic";
			};
			name = Release;
		};
		83CBBA201A601CBA00E9B192 /* Debug */ = {
			isa = XCBuildConfiguration;
			buildSettings = {
				ALWAYS_SEARCH_USER_PATHS = NO;
				CLANG_ANALYZER_LOCALIZABILITY_NONLOCALIZED = YES;
				CLANG_CXX_LANGUAGE_STANDARD = "c++17";
				CLANG_CXX_LIBRARY = "libc++";
				CLANG_ENABLE_MODULES = YES;
				CLANG_ENABLE_OBJC_ARC = YES;
				CLANG_WARN_BLOCK_CAPTURE_AUTORELEASING = YES;
				CLANG_WARN_BOOL_CONVERSION = YES;
				CLANG_WARN_COMMA = YES;
				CLANG_WARN_CONSTANT_CONVERSION = YES;
				CLANG_WARN_DEPRECATED_OBJC_IMPLEMENTATIONS = YES;
				CLANG_WARN_DIRECT_OBJC_ISA_USAGE = YES_ERROR;
				CLANG_WARN_EMPTY_BODY = YES;
				CLANG_WARN_ENUM_CONVERSION = YES;
				CLANG_WARN_INFINITE_RECURSION = YES;
				CLANG_WARN_INT_CONVERSION = YES;
				CLANG_WARN_NON_LITERAL_NULL_CONVERSION = YES;
				CLANG_WARN_OBJC_IMPLICIT_RETAIN_SELF = YES;
				CLANG_WARN_OBJC_LITERAL_CONVERSION = YES;
				CLANG_WARN_OBJC_ROOT_CLASS = YES_ERROR;
				CLANG_WARN_QUOTED_INCLUDE_IN_FRAMEWORK_HEADER = YES;
				CLANG_WARN_RANGE_LOOP_ANALYSIS = YES;
				CLANG_WARN_STRICT_PROTOTYPES = YES;
				CLANG_WARN_SUSPICIOUS_MOVE = YES;
				CLANG_WARN_UNREACHABLE_CODE = YES;
				CLANG_WARN__DUPLICATE_METHOD_MATCH = YES;
				"CODE_SIGN_IDENTITY[sdk=iphoneos*]" = "iPhone Developer";
				COPY_PHASE_STRIP = NO;
				ENABLE_STRICT_OBJC_MSGSEND = YES;
				ENABLE_TESTABILITY = YES;
				"EXCLUDED_ARCHS[sdk=iphonesimulator*]" = i386;
				GCC_C_LANGUAGE_STANDARD = gnu99;
				GCC_DYNAMIC_NO_PIC = NO;
				GCC_NO_COMMON_BLOCKS = YES;
				GCC_OPTIMIZATION_LEVEL = 0;
				GCC_PREPROCESSOR_DEFINITIONS = (
					"DEBUG=1",
					"$(inherited)",
				);
				GCC_SYMBOLS_PRIVATE_EXTERN = NO;
				GCC_WARN_64_TO_32_BIT_CONVERSION = YES;
				GCC_WARN_ABOUT_RETURN_TYPE = YES_ERROR;
				GCC_WARN_UNDECLARED_SELECTOR = YES;
				GCC_WARN_UNINITIALIZED_AUTOS = YES_AGGRESSIVE;
				GCC_WARN_UNUSED_FUNCTION = YES;
				GCC_WARN_UNUSED_VARIABLE = YES;
				IPHONEOS_DEPLOYMENT_TARGET = 12.4;
				LD_RUNPATH_SEARCH_PATHS = (
					/usr/lib/swift,
					"$(inherited)",
				);
				LIBRARY_SEARCH_PATHS = (
					"\"$(SDKROOT)/usr/lib/swift\"",
					"\"$(TOOLCHAIN_DIR)/usr/lib/swift/$(PLATFORM_NAME)\"",
					"\"$(inherited)\"",
				);
				MTL_ENABLE_DEBUG_INFO = YES;
				ONLY_ACTIVE_ARCH = YES;
				OTHER_CFLAGS = "$(inherited)";
				OTHER_CPLUSPLUSFLAGS = (
					"$(OTHER_CFLAGS)",
					"-DFOLLY_NO_CONFIG",
					"-DFOLLY_MOBILE=1",
					"-DFOLLY_USE_LIBCPP=1",
				);
				REACT_NATIVE_PATH = "${PODS_ROOT}/../../node_modules/react-native";
				SDKROOT = iphoneos;
			};
			name = Debug;
		};
		83CBBA211A601CBA00E9B192 /* Release */ = {
			isa = XCBuildConfiguration;
			buildSettings = {
				ALWAYS_SEARCH_USER_PATHS = NO;
				CLANG_ANALYZER_LOCALIZABILITY_NONLOCALIZED = YES;
				CLANG_CXX_LANGUAGE_STANDARD = "c++17";
				CLANG_CXX_LIBRARY = "libc++";
				CLANG_ENABLE_MODULES = YES;
				CLANG_ENABLE_OBJC_ARC = YES;
				CLANG_WARN_BLOCK_CAPTURE_AUTORELEASING = YES;
				CLANG_WARN_BOOL_CONVERSION = YES;
				CLANG_WARN_COMMA = YES;
				CLANG_WARN_CONSTANT_CONVERSION = YES;
				CLANG_WARN_DEPRECATED_OBJC_IMPLEMENTATIONS = YES;
				CLANG_WARN_DIRECT_OBJC_ISA_USAGE = YES_ERROR;
				CLANG_WARN_EMPTY_BODY = YES;
				CLANG_WARN_ENUM_CONVERSION = YES;
				CLANG_WARN_INFINITE_RECURSION = YES;
				CLANG_WARN_INT_CONVERSION = YES;
				CLANG_WARN_NON_LITERAL_NULL_CONVERSION = YES;
				CLANG_WARN_OBJC_IMPLICIT_RETAIN_SELF = YES;
				CLANG_WARN_OBJC_LITERAL_CONVERSION = YES;
				CLANG_WARN_OBJC_ROOT_CLASS = YES_ERROR;
				CLANG_WARN_QUOTED_INCLUDE_IN_FRAMEWORK_HEADER = YES;
				CLANG_WARN_RANGE_LOOP_ANALYSIS = YES;
				CLANG_WARN_STRICT_PROTOTYPES = YES;
				CLANG_WARN_SUSPICIOUS_MOVE = YES;
				CLANG_WARN_UNREACHABLE_CODE = YES;
				CLANG_WARN__DUPLICATE_METHOD_MATCH = YES;
				"CODE_SIGN_IDENTITY[sdk=iphoneos*]" = "iPhone Developer";
				COPY_PHASE_STRIP = YES;
				ENABLE_NS_ASSERTIONS = NO;
				ENABLE_STRICT_OBJC_MSGSEND = YES;
				"EXCLUDED_ARCHS[sdk=iphonesimulator*]" = i386;
				GCC_C_LANGUAGE_STANDARD = gnu99;
				GCC_NO_COMMON_BLOCKS = YES;
				GCC_WARN_64_TO_32_BIT_CONVERSION = YES;
				GCC_WARN_ABOUT_RETURN_TYPE = YES_ERROR;
				GCC_WARN_UNDECLARED_SELECTOR = YES;
				GCC_WARN_UNINITIALIZED_AUTOS = YES_AGGRESSIVE;
				GCC_WARN_UNUSED_FUNCTION = YES;
				GCC_WARN_UNUSED_VARIABLE = YES;
				IPHONEOS_DEPLOYMENT_TARGET = 12.4;
				LD_RUNPATH_SEARCH_PATHS = (
					/usr/lib/swift,
					"$(inherited)",
				);
				LIBRARY_SEARCH_PATHS = (
					"\"$(SDKROOT)/usr/lib/swift\"",
					"\"$(TOOLCHAIN_DIR)/usr/lib/swift/$(PLATFORM_NAME)\"",
					"\"$(inherited)\"",
				);
				MTL_ENABLE_DEBUG_INFO = NO;
				OTHER_CFLAGS = "$(inherited)";
				OTHER_CPLUSPLUSFLAGS = (
					"$(OTHER_CFLAGS)",
					"-DFOLLY_NO_CONFIG",
					"-DFOLLY_MOBILE=1",
					"-DFOLLY_USE_LIBCPP=1",
				);
				REACT_NATIVE_PATH = "${PODS_ROOT}/../../node_modules/react-native";
				SDKROOT = iphoneos;
				VALIDATE_PRODUCT = YES;
			};
			name = Release;
		};
/* End XCBuildConfiguration section */

/* Begin XCConfigurationList section */
		00E357021AD99517003FC87E /* Build configuration list for PBXNativeTarget "OdessaAppTests" */ = {
			isa = XCConfigurationList;
			buildConfigurations = (
				00E356F61AD99517003FC87E /* Debug */,
				00E356F71AD99517003FC87E /* Release */,
			);
			defaultConfigurationIsVisible = 0;
			defaultConfigurationName = Release;
		};
		13B07F931A680F5B00A75B9A /* Build configuration list for PBXNativeTarget "OdessaApp" */ = {
			isa = XCConfigurationList;
			buildConfigurations = (
				13B07F941A680F5B00A75B9A /* Debug */,
				13B07F951A680F5B00A75B9A /* Release */,
			);
			defaultConfigurationIsVisible = 0;
			defaultConfigurationName = Release;
		};
		83CBB9FA1A601CBA00E9B192 /* Build configuration list for PBXProject "OdessaApp" */ = {
			isa = XCConfigurationList;
			buildConfigurations = (
				83CBBA201A601CBA00E9B192 /* Debug */,
				83CBBA211A601CBA00E9B192 /* Release */,
			);
			defaultConfigurationIsVisible = 0;
			defaultConfigurationName = Release;
		};
/* End XCConfigurationList section */
	};
	rootObject = 83CBB9F71A601CBA00E9B192 /* Project object */;
}
